
Microsoft Visual Studio Solution File, Format Version 12.00
# Visual Studio 2013
VisualStudioVersion = 12.0.40629.0
MinimumVisualStudioVersion = 10.0.40219.1
Project("{FAE04EC0-301F-11D3-BF4B-00C04F79EFBC}") = "ErikasWebsite", "ErikasWebsite\ErikasWebsite.csproj", "{22E96F24-0F5A-4783-B14F-B1586D1E8480}"
EndProject
Project("{FAE04EC0-301F-11D3-BF4B-00C04F79EFBC}") = "ErikasWebsite.Tests", "ErikasWebsite.Tests\ErikasWebsite.Tests.csproj", "{B36435AF-C8B0-440A-9903-74A62C453EA0}"
EndProject
Project("{FAE04EC0-301F-11D3-BF4B-00C04F79EFBC}") = "BuisinessEntities", "BuisinessEntities\BuisinessEntities.csproj", "{5FE8A45C-89E3-4ECB-ACCE-A5F528588ACE}"
EndProject
Project("{FAE04EC0-301F-11D3-BF4B-00C04F79EFBC}") = "DataAccess", "DataAccess\DataAccess.csproj", "{3CE9546D-8107-48EF-A32D-6D2D1EE4AF32}"
EndProject
Project("{2150E333-8FDC-42A3-9474-1A3956D46DE8}") = "Solution Items", "Solution Items", "{19E922DC-DC5F-45FD-87C8-5B3AE95D57B6}"
	ProjectSection(SolutionItems) = preProject
		WebEssentials-Settings.json = WebEssentials-Settings.json
	EndProjectSection
EndProject
Global
	GlobalSection(SolutionConfigurationPlatforms) = preSolution
		Debug|Any CPU = Debug|Any CPU
		Release|Any CPU = Release|Any CPU
	EndGlobalSection
	GlobalSection(ProjectConfigurationPlatforms) = postSolution
		{22E96F24-0F5A-4783-B14F-B1586D1E8480}.Debug|Any CPU.ActiveCfg = Debug|Any CPU
		{22E96F24-0F5A-4783-B14F-B1586D1E8480}.Debug|Any CPU.Build.0 = Debug|Any CPU
		{22E96F24-0F5A-4783-B14F-B1586D1E8480}.Release|Any CPU.ActiveCfg = Release|Any CPU
		{22E96F24-0F5A-4783-B14F-B1586D1E8480}.Release|Any CPU.Build.0 = Release|Any CPU
		{B36435AF-C8B0-440A-9903-74A62C453EA0}.Debug|Any CPU.ActiveCfg = Debug|Any CPU
		{B36435AF-C8B0-440A-9903-74A62C453EA0}.Debug|Any CPU.Build.0 = Debug|Any CPU
		{B36435AF-C8B0-440A-9903-74A62C453EA0}.Release|Any CPU.ActiveCfg = Release|Any CPU
		{B36435AF-C8B0-440A-9903-74A62C453EA0}.Release|Any CPU.Build.0 = Release|Any CPU
		{5FE8A45C-89E3-4ECB-ACCE-A5F528588ACE}.Debug|Any CPU.ActiveCfg = Debug|Any CPU
		{5FE8A45C-89E3-4ECB-ACCE-A5F528588ACE}.Debug|Any CPU.Build.0 = Debug|Any CPU
		{5FE8A45C-89E3-4ECB-ACCE-A5F528588ACE}.Release|Any CPU.ActiveCfg = Release|Any CPU
		{5FE8A45C-89E3-4ECB-ACCE-A5F528588ACE}.Release|Any CPU.Build.0 = Release|Any CPU
		{3CE9546D-8107-48EF-A32D-6D2D1EE4AF32}.Debug|Any CPU.ActiveCfg = Debug|Any CPU
		{3CE9546D-8107-48EF-A32D-6D2D1EE4AF32}.Debug|Any CPU.Build.0 = Debug|Any CPU
		{3CE9546D-8107-48EF-A32D-6D2D1EE4AF32}.Release|Any CPU.ActiveCfg = Release|Any CPU
		{3CE9546D-8107-48EF-A32D-6D2D1EE4AF32}.Release|Any CPU.Build.0 = Release|Any CPU
	EndGlobalSection
	GlobalSection(SolutionProperties) = preSolution
		HideSolutionNode = FALSE
	EndGlobalSection
EndGlobal
